
Microsoft Visual Studio Solution File, Format Version 12.00
# Visual Studio Version 17
VisualStudioVersion = 17.3.32901.215
MinimumVisualStudioVersion = 10.0.40219.1
Project("{9A19103F-16F7-4668-BE54-9A1E7A4F7556}") = "SistemaRH_Desafio2", "SistemaRH_Desafio2\SistemaRH_Desafio2.csproj", "{D7F407D6-546F-4E2F-9A42-397A79FDBCCF}"
EndProject
Project("{FAE04EC0-301F-11D3-BF4B-00C04F79EFBC}") = "Application", "Application\Application.csproj", "{38F35037-8B3F-41C5-9D4D-3359E00F025C}"
EndProject
Global
	GlobalSection(SolutionConfigurationPlatforms) = preSolution
		Debug|Any CPU = Debug|Any CPU
		Release|Any CPU = Release|Any CPU
	EndGlobalSection
	GlobalSection(ProjectConfigurationPlatforms) = postSolution
		{D7F407D6-546F-4E2F-9A42-397A79FDBCCF}.Debug|Any CPU.ActiveCfg = Debug|Any CPU
		{D7F407D6-546F-4E2F-9A42-397A79FDBCCF}.Debug|Any CPU.Build.0 = Debug|Any CPU
		{D7F407D6-546F-4E2F-9A42-397A79FDBCCF}.Release|Any CPU.ActiveCfg = Release|Any CPU
		{D7F407D6-546F-4E2F-9A42-397A79FDBCCF}.Release|Any CPU.Build.0 = Release|Any CPU
		{38F35037-8B3F-41C5-9D4D-3359E00F025C}.Debug|Any CPU.ActiveCfg = Debug|Any CPU
		{38F35037-8B3F-41C5-9D4D-3359E00F025C}.Debug|Any CPU.Build.0 = Debug|Any CPU
		{38F35037-8B3F-41C5-9D4D-3359E00F025C}.Release|Any CPU.ActiveCfg = Release|Any CPU
		{38F35037-8B3F-41C5-9D4D-3359E00F025C}.Release|Any CPU.Build.0 = Release|Any CPU
	EndGlobalSection
	GlobalSection(SolutionProperties) = preSolution
		HideSolutionNode = FALSE
	EndGlobalSection
	GlobalSection(ExtensibilityGlobals) = postSolution
		SolutionGuid = {7B8F2B1D-BE26-409F-B54C-CCBADB32545F}
	EndGlobalSection
EndGlobal
